
Microsoft Visual Studio Solution File, Format Version 12.00
# Visual Studio 15
VisualStudioVersion = 15.0.35431.46
MinimumVisualStudioVersion = 10.0.40219.1
Project("{FAE04EC0-301F-11D3-BF4B-00C04F79EFBC}") = "Hospital_Management", "Hospital_Management\Hospital_Management.csproj", "{73661DF6-7BD0-4384-ACD9-AC0D11348958}"
EndProject
Global
	GlobalSection(SolutionConfigurationPlatforms) = preSolution
		Debug|Any CPU = Debug|Any CPU
		Release|Any CPU = Release|Any CPU
	EndGlobalSection
	GlobalSection(ProjectConfigurationPlatforms) = postSolution
		{73661DF6-7BD0-4384-ACD9-AC0D11348958}.Debug|Any CPU.ActiveCfg = Debug|Any CPU
		{73661DF6-7BD0-4384-ACD9-AC0D11348958}.Debug|Any CPU.Build.0 = Debug|Any CPU
		{73661DF6-7BD0-4384-ACD9-AC0D11348958}.Release|Any CPU.ActiveCfg = Release|Any CPU
		{73661DF6-7BD0-4384-ACD9-AC0D11348958}.Release|Any CPU.Build.0 = Release|Any CPU
	EndGlobalSection
	GlobalSection(SolutionProperties) = preSolution
		HideSolutionNode = FALSE
	EndGlobalSection
	GlobalSection(ExtensibilityGlobals) = postSolution
		SolutionGuid = {AFC56854-CF76-4047-AA84-6B68C3863AEB}
	EndGlobalSection
EndGlobal
